
Microsoft Visual Studio Solution File, Format Version 12.00
# Visual Studio Version 16
VisualStudioVersion = 16.0.30523.141
MinimumVisualStudioVersion = 10.0.40219.1
Project("{FAE04EC0-301F-11D3-BF4B-00C04F79EFBC}") = "WinformsExercise4B", "WinformsExercise4B\WinformsExercise4B.csproj", "{3B32AFE8-2BA4-42D6-BE3C-FC0F3DD47E0F}"
EndProject
Project("{FAE04EC0-301F-11D3-BF4B-00C04F79EFBC}") = "WinformsExercice1", "WinformsExercice1\WinformsExercice1.csproj", "{C2C45CE1-A1ED-4432-9F10-753EE4D09910}"
EndProject
Project("{FAE04EC0-301F-11D3-BF4B-00C04F79EFBC}") = "WinformsExercise3", "WinformsExercise3\WinformsExercise3.csproj", "{69D22C0B-6CD9-4C42-BBD9-5671F9A4077D}"
EndProject
Project("{FAE04EC0-301F-11D3-BF4B-00C04F79EFBC}") = "WinformsExercise2", "WinformsExercise2\WinformsExercise2.csproj", "{08052C91-1C4C-41D2-9346-13BE1F198164}"
EndProject
Project("{FAE04EC0-301F-11D3-BF4B-00C04F79EFBC}") = "WinformsExercise4", "WinformsExercise4\WinformsExercise4.csproj", "{7CD7D790-6BE7-4CC3-91BB-74BB54622A41}"
EndProject
Global
	GlobalSection(SolutionConfigurationPlatforms) = preSolution
		Debug|Any CPU = Debug|Any CPU
		Release|Any CPU = Release|Any CPU
	EndGlobalSection
	GlobalSection(ProjectConfigurationPlatforms) = postSolution
		{3B32AFE8-2BA4-42D6-BE3C-FC0F3DD47E0F}.Debug|Any CPU.ActiveCfg = Debug|Any CPU
		{3B32AFE8-2BA4-42D6-BE3C-FC0F3DD47E0F}.Debug|Any CPU.Build.0 = Debug|Any CPU
		{3B32AFE8-2BA4-42D6-BE3C-FC0F3DD47E0F}.Release|Any CPU.ActiveCfg = Release|Any CPU
		{3B32AFE8-2BA4-42D6-BE3C-FC0F3DD47E0F}.Release|Any CPU.Build.0 = Release|Any CPU
		{C2C45CE1-A1ED-4432-9F10-753EE4D09910}.Debug|Any CPU.ActiveCfg = Debug|Any CPU
		{C2C45CE1-A1ED-4432-9F10-753EE4D09910}.Debug|Any CPU.Build.0 = Debug|Any CPU
		{C2C45CE1-A1ED-4432-9F10-753EE4D09910}.Release|Any CPU.ActiveCfg = Release|Any CPU
		{C2C45CE1-A1ED-4432-9F10-753EE4D09910}.Release|Any CPU.Build.0 = Release|Any CPU
		{69D22C0B-6CD9-4C42-BBD9-5671F9A4077D}.Debug|Any CPU.ActiveCfg = Debug|Any CPU
		{69D22C0B-6CD9-4C42-BBD9-5671F9A4077D}.Debug|Any CPU.Build.0 = Debug|Any CPU
		{69D22C0B-6CD9-4C42-BBD9-5671F9A4077D}.Release|Any CPU.ActiveCfg = Release|Any CPU
		{69D22C0B-6CD9-4C42-BBD9-5671F9A4077D}.Release|Any CPU.Build.0 = Release|Any CPU
		{08052C91-1C4C-41D2-9346-13BE1F198164}.Debug|Any CPU.ActiveCfg = Debug|Any CPU
		{08052C91-1C4C-41D2-9346-13BE1F198164}.Debug|Any CPU.Build.0 = Debug|Any CPU
		{08052C91-1C4C-41D2-9346-13BE1F198164}.Release|Any CPU.ActiveCfg = Release|Any CPU
		{08052C91-1C4C-41D2-9346-13BE1F198164}.Release|Any CPU.Build.0 = Release|Any CPU
		{7CD7D790-6BE7-4CC3-91BB-74BB54622A41}.Debug|Any CPU.ActiveCfg = Debug|Any CPU
		{7CD7D790-6BE7-4CC3-91BB-74BB54622A41}.Debug|Any CPU.Build.0 = Debug|Any CPU
		{7CD7D790-6BE7-4CC3-91BB-74BB54622A41}.Release|Any CPU.ActiveCfg = Release|Any CPU
		{7CD7D790-6BE7-4CC3-91BB-74BB54622A41}.Release|Any CPU.Build.0 = Release|Any CPU
	EndGlobalSection
	GlobalSection(SolutionProperties) = preSolution
		HideSolutionNode = FALSE
	EndGlobalSection
	GlobalSection(ExtensibilityGlobals) = postSolution
		SolutionGuid = {C9F50180-A7EF-4588-B98C-5975F0111834}
	EndGlobalSection
EndGlobal
